
Microsoft Visual Studio Solution File, Format Version 12.00
# Visual Studio 14
VisualStudioVersion = 14.0.25420.1
MinimumVisualStudioVersion = 10.0.40219.1
Project("{F184B08F-C81C-45F6-A57F-5ABD9991F28F}") = "EUD Editor", "EUD Editor\EUD Editor.vbproj", "{FEBE3915-B7BF-4F1A-B744-5F47941B1F09}"
EndProject
Global
	GlobalSection(SolutionConfigurationPlatforms) = preSolution
		Debug|x86 = Debug|x86
		Release|x86 = Release|x86
	EndGlobalSection
	GlobalSection(ProjectConfigurationPlatforms) = postSolution
		{FEBE3915-B7BF-4F1A-B744-5F47941B1F09}.Debug|x86.ActiveCfg = Debug|x86
		{FEBE3915-B7BF-4F1A-B744-5F47941B1F09}.Debug|x86.Build.0 = Debug|x86
		{FEBE3915-B7BF-4F1A-B744-5F47941B1F09}.Release|x86.ActiveCfg = Release|x86
		{FEBE3915-B7BF-4F1A-B744-5F47941B1F09}.Release|x86.Build.0 = Release|x86
	EndGlobalSection
	GlobalSection(SolutionProperties) = preSolution
		HideSolutionNode = FALSE
	EndGlobalSection
	GlobalSection(ExtensibilityGlobals) = postSolution
		SolutionGuid = {5ACE2E94-202E-4B74-AB49-9AF4E3C97F96}
	EndGlobalSection
EndGlobal
